
Microsoft Visual Studio Solution File, Format Version 12.00
# Visual Studio Version 17
VisualStudioVersion = 17.7.34031.279
MinimumVisualStudioVersion = 10.0.40219.1
Project("{FAE04EC0-301F-11D3-BF4B-00C04F79EFBC}") = "PresidentialEligibility", "PresidentialEligibility\PresidentialEligibility.csproj", "{F70CC865-8BFB-4929-8CEE-0717176E50DF}"
EndProject
Global
	GlobalSection(SolutionConfigurationPlatforms) = preSolution
		Debug|Any CPU = Debug|Any CPU
		Release|Any CPU = Release|Any CPU
	EndGlobalSection
	GlobalSection(ProjectConfigurationPlatforms) = postSolution
		{F70CC865-8BFB-4929-8CEE-0717176E50DF}.Debug|Any CPU.ActiveCfg = Debug|Any CPU
		{F70CC865-8BFB-4929-8CEE-0717176E50DF}.Debug|Any CPU.Build.0 = Debug|Any CPU
		{F70CC865-8BFB-4929-8CEE-0717176E50DF}.Release|Any CPU.ActiveCfg = Release|Any CPU
		{F70CC865-8BFB-4929-8CEE-0717176E50DF}.Release|Any CPU.Build.0 = Release|Any CPU
	EndGlobalSection
	GlobalSection(SolutionProperties) = preSolution
		HideSolutionNode = FALSE
	EndGlobalSection
	GlobalSection(ExtensibilityGlobals) = postSolution
		SolutionGuid = {AB7187E0-8106-4BF5-8BD7-88880E6EC526}
	EndGlobalSection
EndGlobal
